<?xml version="1.0" encoding="utf-8"?>
<Project ToolsVersion="4.0" xmlns="http://schemas.microsoft.com/developer/msbuild/2003">
  <ItemGroup>
    <Filter Include="Archivos de código fuente">
      <UniqueIdentifier>{4FC737F1-C7A5-4376-A066-2A32D752A2FF}</UniqueIdentifier>
      <Extensions>cpp;c;cc;cxx;def;odl;idl;hpj;bat;asm;asmx</Extensions>
    </Filter>
    <Filter Include="Archivos de encabezado">
      <UniqueIdentifier>{93995380-89BD-4b04-88EB-625FBE52EBFB}</UniqueIdentifier>
      <Extensions>h;hpp;hxx;hm;inl;inc;xsd</Extensions>
    </Filter>
    <Filter Include="Archivos de recursos">
      <UniqueIdentifier>{67DA6AB6-F800-4c08-8B7A-83BB121AAD01}</UniqueIdentifier>
      <Extensions>rc;ico;cur;bmp;dlg;rc2;rct;bin;rgs;gif;jpg;jpeg;jpe;resx;tiff;tif;png;wav;mfcribbon-ms</Extensions>
    </Filter>
    <Filter Include="Archivos de código fuente\expat">
      <UniqueIdentifier>{c6e8b6b8-9ddb-4fef-9ddc-ea509584dbc2}</UniqueIdentifier>
    </Filter>
    <Filter Include="Archivos de código fuente\osm">
      <UniqueIdentifier>{934c1bc6-bf40-42c8-9e2b-ad2e108d7488}</UniqueIdentifier>
    </Filter>
  </ItemGroup>
  <ItemGroup>
    <ClCompile Include="..\src\osm_vect_plugin.cpp">
      <Filter>Archivos de código fuente</Filter>
    </ClCompile>
    <ClCompile Include="..\src\osm_parser.cpp">
      <Filter>Archivos de código fuente\osm</Filter>
    </ClCompile>
    <ClCompile Include="..\src\point.cpp">
      <Filter>Archivos de código fuente\osm</Filter>
    </ClCompile>
    <ClCompile Include="..\src\way.cpp">
      <Filter>Archivos de código fuente\osm</Filter>
    </ClCompile>
    <ClCompile Include="..\src\layers_parser.cpp">
      <Filter>Archivos de código fuente\osm</Filter>
    </ClCompile>
    <ClCompile Include="..\src\layer.cpp">
      <Filter>Archivos de código fuente\osm</Filter>
    </ClCompile>
    <ClCompile Include="..\src\quicksort.cpp">
      <Filter>Archivos de código fuente\osm</Filter>
    </ClCompile>
    <ClCompile Include="..\expat\lib\xmlparse.c">
      <Filter>Archivos de código fuente\expat</Filter>
    </ClCompile>
    <ClCompile Include="..\expat\lib\xmlrole.c">
      <Filter>Archivos de código fuente\expat</Filter>
    </ClCompile>
    <ClCompile Include="..\expat\lib\xmltok.c">
      <Filter>Archivos de código fuente\expat</Filter>
    </ClCompile>
    <ClCompile Include="..\expat\lib\xmltok_impl.c">
      <Filter>Archivos de código fuente\expat</Filter>
    </ClCompile>
    <ClCompile Include="..\expat\lib\xmltok_ns.c">
      <Filter>Archivos de código fuente\expat</Filter>
    </ClCompile>
  </ItemGroup>
  <ItemGroup>
    <ClInclude Include="stdafx.h">
      <Filter>Archivos de encabezado</Filter>
    </ClInclude>
    <ClInclude Include="..\..\Include_DLL_PlugInMapas.h">
      <Filter>Archivos de encabezado</Filter>
    </ClInclude>
    <ClInclude Include="..\src\osm_parser.h">
      <Filter>Archivos de encabezado</Filter>
    </ClInclude>
    <ClInclude Include="..\src\osm_vect.h">
      <Filter>Archivos de encabezado</Filter>
    </ClInclude>
    <ClInclude Include="..\src\point.h">
      <Filter>Archivos de encabezado</Filter>
    </ClInclude>
    <ClInclude Include="..\src\quicksort.h">
      <Filter>Archivos de encabezado</Filter>
    </ClInclude>
    <ClInclude Include="..\src\vector.h">
      <Filter>Archivos de encabezado</Filter>
    </ClInclude>
    <ClInclude Include="..\src\way.h">
      <Filter>Archivos de encabezado</Filter>
    </ClInclude>
    <ClInclude Include="..\src\layers_parser.h">
      <Filter>Archivos de encabezado</Filter>
    </ClInclude>
    <ClInclude Include="..\src\layer.h">
      <Filter>Archivos de encabezado</Filter>
    </ClInclude>
  </ItemGroup>
</Project>